
Microsoft Visual Studio Solution File, Format Version 12.00
# Visual Studio Version 17
VisualStudioVersion = 17.6.33815.320
MinimumVisualStudioVersion = 10.0.40219.1
Project("{FAE04EC0-301F-11D3-BF4B-00C04F79EFBC}") = "TestingDoNetCore.ConsoleApp", "TestingDoNetCore.ConsoleApp\TestingDoNetCore.ConsoleApp.csproj", "{6AFD8B27-BB8B-4BBD-AD88-A61274EBC6CC}"
EndProject
Global
	GlobalSection(SolutionConfigurationPlatforms) = preSolution
		Debug|Any CPU = Debug|Any CPU
		Release|Any CPU = Release|Any CPU
	EndGlobalSection
	GlobalSection(ProjectConfigurationPlatforms) = postSolution
		{6AFD8B27-BB8B-4BBD-AD88-A61274EBC6CC}.Debug|Any CPU.ActiveCfg = Debug|Any CPU
		{6AFD8B27-BB8B-4BBD-AD88-A61274EBC6CC}.Debug|Any CPU.Build.0 = Debug|Any CPU
		{6AFD8B27-BB8B-4BBD-AD88-A61274EBC6CC}.Release|Any CPU.ActiveCfg = Release|Any CPU
		{6AFD8B27-BB8B-4BBD-AD88-A61274EBC6CC}.Release|Any CPU.Build.0 = Release|Any CPU
	EndGlobalSection
	GlobalSection(SolutionProperties) = preSolution
		HideSolutionNode = FALSE
	EndGlobalSection
	GlobalSection(ExtensibilityGlobals) = postSolution
		SolutionGuid = {A8F99FEC-40F0-4EBD-987A-9566F4551180}
	EndGlobalSection
EndGlobal
